# THIS IS AN AUTOGENERATED FILE. DO NOT EDIT THIS FILE DIRECTLY.
# yarn lockfile v1


"@ampproject/remapping@^2.1.0":
  version "2.2.0"
  resolved "https://registry.yarnpkg.com/@ampproject/remapping/-/remapping-2.2.0.tgz#56c133824780de3174aed5ab6834f3026790154d"
  integrity sha512-qRmjj8nj9qmLTQXXmaR1cck3UXSRMPrbsLJAasZpF+t3riI71BXed5ebIOYwQntykeZuhjsdweEc9BxH5Jc26w==
  dependencies:
    "@jridgewell/gen-mapping" "^0.1.0"
    "@jridgewell/trace-mapping" "^0.3.9"

"@ardatan/aggregate-error@0.0.6":
  version "0.0.6"
  resolved "https://registry.yarnpkg.com/@ardatan/aggregate-error/-/aggregate-error-0.0.6.tgz#fe6924771ea40fc98dc7a7045c2e872dc8527609"
  integrity sha512-vyrkEHG1jrukmzTPtyWB4NLPauUw5bQeg4uhn8f+1SSynmrOcyvlb1GKQjjgoBzElLdfXCRYX8UnBlhklOHYRQ==
  dependencies:
    tslib "~2.0.1"

"@ardatan/relay-compiler@12.0.0":
  version "12.0.0"
  resolved "https://registry.yarnpkg.com/@ardatan/relay-compiler/-/relay-compiler-12.0.0.tgz#2e4cca43088e807adc63450e8cab037020e91106"
  integrity sha512-9anThAaj1dQr6IGmzBMcfzOQKTa5artjuPmw8NYK/fiGEMjADbSguBY2FMDykt+QhilR3wc9VA/3yVju7JHg7Q==
  dependencies:
    "@babel/core" "^7.14.0"
    "@babel/generator" "^7.14.0"
    "@babel/parser" "^7.14.0"
    "@babel/runtime" "^7.0.0"
    "@babel/traverse" "^7.14.0"
    "@babel/types" "^7.0.0"
    babel-preset-fbjs "^3.4.0"
    chalk "^4.0.0"
    fb-watchman "^2.0.0"
    fbjs "^3.0.0"
    glob "^7.1.1"
    immutable "~3.7.6"
    invariant "^2.2.4"
    nullthrows "^1.1.1"
    relay-runtime "12.0.0"
    signedsource "^1.0.0"
    yargs "^15.3.1"

"@ava/babel-plugin-throws-helper@^4.0.0":
  version "4.0.0"
  resolved "https://registry.yarnpkg.com/@ava/babel-plugin-throws-helper/-/babel-plugin-throws-helper-4.0.0.tgz#8f5b45b7a0a79c6f4032de2101e0c221847efb62"
  integrity sha512-3diBLIVBPPh3j4+hb5lo0I1D+S/O/VDJPI4Y502apBxmwEqjyXG4gTSPFUlm41sSZeZzMarT/Gzovw9kV7An0w==

"@ava/babel-preset-stage-4@^4.0.0":
  version "4.0.0"
  resolved "https://registry.yarnpkg.com/@ava/babel-preset-stage-4/-/babel-preset-stage-4-4.0.0.tgz#9be5a59ead170062e228bb6ffd2b29f0489424fd"
  integrity sha512-lZEV1ZANzfzSYBU6WHSErsy7jLPbD1iIgAboASPMcKo7woVni5/5IKWeT0RxC8rY802MFktur3OKEw2JY1Tv2w==
  dependencies:
    "@babel/plugin-proposal-async-generator-functions" "^7.2.0"
    "@babel/plugin-proposal-dynamic-import" "^7.5.0"
    "@babel/plugin-proposal-optional-catch-binding" "^7.2.0"
    "@babel/plugin-transform-dotall-regex" "^7.4.4"
    "@babel/plugin-transform-modules-commonjs" "^7.5.0"

"@ava/babel-preset-transform-test-files@^6.0.0":
  version "6.0.0"
  resolved "https://registry.yarnpkg.com/@ava/babel-preset-transform-test-files/-/babel-preset-transform-test-files-6.0.0.tgz#639e8929d2cdc8863c1f16020ce644c525723cd4"
  integrity sha512-8eKhFzZp7Qcq1VLfoC75ggGT8nQs9q8fIxltU47yCB7Wi7Y8Qf6oqY1Bm0z04fIec24vEgr0ENhDHEOUGVDqnA==
  dependencies:
    "@ava/babel-plugin-throws-helper" "^4.0.0"
    babel-plugin-espower "^3.0.1"

"@babel/cli@^7.6.4":
  version "7.17.10"
  resolved "https://registry.yarnpkg.com/@babel/cli/-/cli-7.17.10.tgz#5ea0bf6298bb78f3b59c7c06954f9bd1c79d5943"
  integrity sha512-OygVO1M2J4yPMNOW9pb+I6kFGpQK77HmG44Oz3hg8xQIl5L/2zq+ZohwAdSaqYgVwM0SfmPHZHphH4wR8qzVYw==
  dependencies:
    "@jridgewell/trace-mapping" "^0.3.8"
    commander "^4.0.1"
    convert-source-map "^1.1.0"
    fs-readdir-recursive "^1.1.0"
    glob "