# THIS IS AN AUTOGENERATED FILE. DO NOT EDIT THIS FILE DIRECTLY.
# yarn lockfile v1


"@ampproject/remapping@^2.1.0":
  version "2.2.0"
  resolved "https://registry.yarnpkg.com/@ampproject/remapping/-/remapping-2.2.0.tgz#56c133824780de3174aed5ab6834f3026790154d"
  integrity sha512-qRmjj8nj9qmLTQXXmaR1cck3UXSRMPrbsLJAasZpF+t3riI71BXed5ebIOYwQntykeZuhjsdweEc9BxH5Jc26w==
  dependencies:
    "@jridgewell/gen-mapping" "^0.1.0"
    "@jridgewell/trace-mapping" "^0.3.9"

"@ardatan/aggregate-error@0.0.6":
  version "0.0.6"
  resolved "https://registry.yarnpkg.com/@ardatan/aggregate-error/-/aggregate-error-0.0.6.tgz#fe6924771ea40fc98dc7a7045c2e872dc8527609"
  integrity sha512-vyrkEHG1jrukmzTPtyWB4NLPauUw5bQeg4uhn8f+1SSynmrOcyvlb1GKQjjgoBzElLdfXCRYX8UnBlhklOHYRQ==
  dependencies:
    tslib "~2.0.1"

"@ardatan/relay-compiler@12.0.0":
  version "12.0.0"
  resolved "https://registry.yarnpkg.com/@ardatan/relay-compiler/-/relay-compiler-12.0.0.tgz#2e4cca43088e807adc63450e8cab037020e91106"
  integrity sha512-9anThAaj1dQr6IGmzBMcfzOQKTa5artjuPmw8NYK/fiGEMjADbSguBY2FMDykt+QhilR3wc9VA/3yVju7JHg7Q==
  dependencies:
    "@babel/core" "^7.14.0"
    "@babel/generator" "^7.14.0"
    "@babel/parser" "^7.14.0"
    "@babel/runtime" "^7.0.0"
    "@babel/traverse" "^7.14.0"
    "@babel/types" "^7.0.0"
    babel-preset-fbjs "^3.4.0"
    chalk "^4.0.0"
    fb-watchman "^2.0.0"
    fbjs "^3.0.0"
    glob "^7.1.1"
    immutable "~3.7.6"
    invariant "^2.2.4"
    nullthrows "^1.1.1"
    relay-runtime "12.0.0"
    signedsource "^1.0.0"
    yargs "^15.3.1"

"@ava/babel-plug