# THIS IS AN AUTOGENERATED FILE. DO NOT EDIT THIS FILE DIRECTLY.
# yarn lockfile v1


"@ava/babel-plugin-throws-helper@^4.0.0":
  version "4.0.0"
  resolved "https://registry.yarnpkg.com/@ava/babel-plugin-throws-helper/-/babel-plugin-throws-helper-4.0.0.tgz#8f5b45b7a0a79c6f4032de2101e0c221847efb62"
  integrity sha512-3diBLIVBPPh3j4+hb5lo0I1D+S/O/VDJPI4Y502apBxmwEqjyXG4gTSPFUlm41sSZeZzMarT/Gzovw9kV7An0w==

"@ava/babel-preset-stage-4@^4.0.0":
  version "4.0.0"
  resolved "https://registry.yarnpkg.com/@ava/babel-preset-stage-4/-/babel-preset-stage-4-4.0.0.tgz#9be5a59ead170062e228bb6ffd2b29f0489424fd"
  integrity sha512-lZEV1ZANzfzSYBU6WHSErsy7jLPbD1iIgAboASPMcKo7woVni5/5IKWeT0RxC8rY802MFktur3OKEw2JY1Tv2w==
  dependencies:
    "@babel/plugin-proposal-async-generator-functions" "^7.2.0"
    "@babel/plugin-proposal-dynamic-import" "^7.5.0"
    "@babel/plugin-proposal-optional-catch-binding" "^7.2.0"
    "@babel/plugin-transform-dotall-regex" "^7.4.4"
    "@babel/plugin-transform-modules-commonjs" "^7.5.0"

"@ava/babel-preset-transform-test-files@^6.0.0":
  version "6.0.0"
  resolved "https://registry.yarnpkg.com/@ava/babel-preset-transform-test-files/-/babel-preset-transform-test-files-6.0.0.tgz#639e8929d2cdc8863c1f16020ce644c525723cd4"
  integrity sha512-8eKhFzZp7Qcq1VLfoC75ggGT8nQs9q8fIxltU47yCB7Wi7Y8Qf6oqY1Bm0z04fIec24vEgr0ENhDHEOUGVDqnA==
  dependencies:
    "@ava/babel-plugin-throws-helper" "^4.0.0"
    babel-plugin-espower "^3.0.1"

"@babel/cli@^7.6.4":
  version "7.6.4"
  resolved "https://registry.yarnpkg.com/@babel/cli/-/cli-7.6.4.tgz#9b35a4e15fa7d8f487418aaa8229c8b0bc815f20"
  integrity sha512-tqrDyvPryBM6xjIyKKUwr3s8CzmmYidwgdswd7Uc/Cv0ogZcuS1TYQTLx/eWKP3UbJ6JxZAiYlBZabXm/rtRsQ==
  dependencies:
    commander "^2.8.1"
    convert-source-map "^1.1.0"
    fs-readdir-recursive "^1.1.0"
    glob "^7.0.0"
    lodash "^4.17.13"
    mkdirp "^0.5.1"
    output-file-sync "^2.0.0"
    slash "^2.0.0"
    source-map "^0.5.0"
  optionalDependencies:
    chokidar "^2.1.8"

"@babel/code-frame@^7.0.0", "@babel/code-frame@^7.5.5":
  version "7.5.5"
  resolved "https://registry.yarnpkg.com/@babel/code-frame/-/code-frame-7.5.5.tgz#bc0782f6d69f7b7d49531219699b988f669a8f9d"
  integrity sha512-27d4lZoomVyo51VegxI20xZPuSHusqbQag/ztrBC7wegWoQ1nLREPVSKSW8byhTlzTKyNE4ifaTA6lCp7JjpFw==
  dependencies:
    "@babel/highlight" "^7.0.0"

"@babel/core@^7.6.0", "@babel/core@^7.6.4":
  version "7.6.4"
  resolved "https://registry.yarnpkg.com/@babel/core/-/core-7.6.4.tgz#6ebd9fe00925f6c3e177bb726a188b5f578088ff"
  integrity sha512-Rm0HGw101GY8FTzpWSyRbki/jzq+/PkNQJ+nSulrdY6gFGOsNseCqD6KHRYe2E+EdzuBdr2pxCp6s4Uk6eJ+XQ==
  dependencies:
    "@babel/code-frame" "^7.5.5"
    "@babel/generator" "^7.6.4"
    "@babel/helpers" "^7.6.2"
    "@babel/parser" "^7.6.4"
    "@babel/template" "^7.6.0"
    "@babel/travers